
Microsoft Visual Studio Solution File, Format Version 10.00
# Visual Studio 2008
Project("{2150E333-8FDC-42A3-9474-1A3956D46DE8}") = "Property Sheets", "Property Sheets", "{27921B03-A3C5-4CBD-84B9-4DFFACCA330C}"
	ProjectSection(SolutionItems) = preProject
		xoslib-cocoa.vsprops = xoslib-cocoa.vsprops
		xoslib-gtk.vsprops = xoslib-gtk.vsprops
		xoslib-libc.vsprops = xoslib-libc.vsprops
		xoslib-mxde.vsprops = xoslib-mxde.vsprops
		xoslib-qt.vsprops = xoslib-qt.vsprops
		xoslib-x11.vsprops = xoslib-x11.vsprops
		xoslib.vsprops = xoslib.vsprops
	EndProjectSection
EndProject
Project("{2150E333-8FDC-42A3-9474-1A3956D46DE8}") = "app", "app", "{8B1A4F2A-A8C4-4ADD-97BF-177EC1DF3E05}"
EndProject
Project("{2150E333-8FDC-42A3-9474-1A3956D46DE8}") = "lib", "lib", "{2C56D04F-5A96-4C6F-9524-955897D16EA9}"
EndProject
Project("{8BC9CEB8-8B4A-11D0-8D11-00A0C91BC942}") = "libXosLibPng", "libXosLibPng\libXosLibPng.vcproj", "{08095E88-849C-4D4E-8C62-342E916E23EC}"
EndProject
Project("{8BC9CEB8-8B4A-11D0-8D11-00A0C91BC942}") = "libXosX11", "libXosX11\libXosX11.vcproj", "{4A7AECF6-984A-4956-A7D1-41C4FD0B9D0B}"
EndProject
Project("{8BC9CEB8-8B4A-11D0-8D11-00A0C91BC942}") = "libXosCore", "libXosCore\libXosCore.vcproj", "{D654FCC2-0ABA-4E46-8837-DAF95711AA10}"
EndProject
Project("{2150E333-8FDC-42A3-9474-1A3956D46DE8}") = "x11", "x11", "{B2D56CCF-751C-4EDC-AE08-26630E185FDB}"
EndProject
Project("{8BC9CEB8-8B4A-11D0-8D11-00A0C91BC942}") = "XosXHello", "XosXHello\XosXHello.vcproj", "{5808FCC3-F62F-482E-9C1B-AD1B66E564B5}"
	ProjectSection(ProjectDependencies) = postProject
		{D654FCC2-0ABA-4E46-8837-DAF95711AA10} = {D654FCC2-0ABA-4E46-8837-DAF95711AA10}
		{4A7AECF6-984A-4956-A7D1-41C4FD0B9D0B} = {4A7AECF6-984A-4956-A7D1-41C4FD0B9D0B}
	EndProjectSection
EndProject
Project("{8BC9CEB8-8B4A-11D0-8D11-00A0C91BC942}") = "Xos2c", "Xos2c\Xos2c.vcproj", "{C81EEB96-C805-4B3D-93DA-F8139F8DC04E}"
	ProjectSection(ProjectDependencies) = postProject
		{D654FCC2-0ABA-4E46-8837-DAF95711AA10} = {D654FCC2-0ABA-4E46-8837-DAF95711AA10}
	EndProjectSection
EndProject
Project("{2150E333-8FDC-42A3-9474-1A3956D46DE8}") = "console", "console", "{67020157-8C84-43AF-87AF-4AB17AC72D50}"
EndProject
Project("{2150E333-8FDC-42A3-9474-1A3956D46DE8}") = "win", "win", "{13BC670A-917B-43BC-9DCB-9839457BC43E}"
EndProject
Project("{8BC9CEB8-8B4A-11D0-8D11-00A0C91BC942}") = "XosWinLibPng", "XosWinLibPng\XosWinLibPng.vcproj", "{8154294E-2091-434E-BB43-9C7098642F48}"
	ProjectSection(ProjectDependencies) = postProject
		{08095E88-849C-4D4E-8C62-342E916E23EC} = {08095E88-849C-4D4E-8C62-342E916E23EC}
		{D654FCC2-0ABA-4E46-8837-DAF95711AA10} = {D654FCC2-0ABA-4E46-8837-DAF95711AA10}
	EndProjectSection
EndProject
Project("{2150E333-8FDC-42A3-9474-1A3956D46DE8}") = "qt", "qt", "{0B8E53C0-B423-4468-AB90-DB280FA16031}"
EndProject
Project("{8BC9CEB8-8B4A-11D0-8D11-00A0C91BC942}") = "XosQHello", "XosQHello\XosQHello.vcproj", "{FEBB6A2D-A4E8-44C1-AEAC-32823C0594FB}"
	ProjectSection(ProjectDependencies) = postProject
		{D654FCC2-0ABA-4E46-8837-DAF95711AA10} = {D654FCC2-0ABA-4E46-8837-DAF95711AA10}
	EndProjectSection
EndProject
Project("{8BC9CEB8-8B4A-11D0-8D11-00A0C91BC942}") = "XosHello", "XosHello\XosHello.vcproj", "{1A3448E7-5DD9-4D11-BC3E-020817DCFE0B}"
	ProjectSection(ProjectDependencies) = postProject
		{D654FCC2-0ABA-4E46-8837-DAF95711AA10} = {D654FCC2-0ABA-4E46-8837-DAF95711AA10}
	EndProjectSection
EndProject
Project("{2150E333-8FDC-42A3-9474-1A3956D46DE8}") = "mac", "mac", "{3E619E9F-A879-4776-86C5-092CB88C80BC}"
EndProject
Project("{8BC9CEB8-8B4A-11D0-8D11-00A0C91BC942}") = "XosMacHello", "XosMacHello\XosMacHello.vcproj", "{6DF909F6-7541-4884-B871-095B88234EB7}"
EndProject
Global
	GlobalSection(SolutionConfigurationPlatforms) = preSolution
		Debug|Win32 = Debug|Win32
		Release|Win32 = Release|Win32
	EndGlobalSection
	GlobalSection(ProjectConfigurationPlatforms) = postSolution
		{08095E88-849C-4D4E-8C62-342E916E23EC}.Debug|Win32.ActiveCfg = Debug|Win32
		{08095E88-849C-4D4E-8C62-342E916E23EC}.Debug|Win32.Build.0 = Debug|Win32
		{08095E88-849C-4D4E-8C62-342E916E23EC}.Release|Win32.ActiveCfg = Release|Win32
		{08095E88-849C-4D4E-8C62-342E916E23EC}.Release|Win32.Build.0 = Release|Win32
		{4A7AECF6-984A-4956-A7D1-41C4FD0B9D0B}.Debug|Win32.ActiveCfg = Debug|Win32
		{4A7AECF6-984A-4956-A7D1-41C4FD0B9D0B}.Debug|Win32.Build.0 = Debug|Win32
		{4A7AECF6-984A-4956-A7D1-41C4FD0B9D0B}.Release|Win32.ActiveCfg = Release|Win32
		{4A7AECF6-984A-4956-A7D1-41C4FD0B9D0B}.Release|Win32.Build.0 = Release|Win32
		{D654FCC2-0ABA-4E46-8837-DAF95711AA10}.Debug|Win32.ActiveCfg = Debug|Win32
		{D654FCC2-0ABA-4E46-8837-DAF95711AA10}.Debug|Win32.Build.0 = Debug|Win32
		{D654FCC2-0ABA-4E46-8837-DAF95711AA10}.Release|Win32.ActiveCfg = Release|Win32
		{D654FCC2-0ABA-4E46-8837-DAF95711AA10}.Release|Win32.Build.0 = Release|Win32
		{5808FCC3-F62F-482E-9C1B-AD1B66E564B5}.Debug|Win32.ActiveCfg = Debug|Win32
		{5808FCC3-F62F-482E-9C1B-AD1B66E564B5}.Debug|Win32.Build.0 = Debug|Win32
		{5808FCC3-F62F-482E-9C1B-AD1B66E564B5}.Release|Win32.ActiveCfg = Release|Win32
		{5808FCC3-F62F-482E-9C1B-AD1B66E564B5}.Release|Win32.Build.0 = Release|Win32
		{C81EEB96-C805-4B3D-93DA-F8139F8DC04E}.Debug|Win32.ActiveCfg = Debug|Win32
		{C81EEB96-C805-4B3D-93DA-F8139F8DC04E}.Debug|Win32.Build.0 = Debug|Win32
		{C81EEB96-C805-4B3D-93DA-F8139F8DC04E}.Release|Win32.ActiveCfg = Release|Win32
		{C81EEB96-C805-4B3D-93DA-F8139F8DC04E}.Release|Win32.Build.0 = Release|Win32
		{8154294E-2091-434E-BB43-9C7098642F48}.Debug|Win32.ActiveCfg = Debug|Win32
		{8154294E-2091-434E-BB43-9C7098642F48}.Debug|Win32.Build.0 = Debug|Win32
		{8154294E-2091-434E-BB43-9C7098642F48}.Release|Win32.ActiveCfg = Release|Win32
		{8154294E-2091-434E-BB43-9C7098642F48}.Release|Win32.Build.0 = Release|Win32
		{FEBB6A2D-A4E8-44C1-AEAC-32823C0594FB}.Debug|Win32.ActiveCfg = Debug|Win32
		{FEBB6A2D-A4E8-44C1-AEAC-32823C0594FB}.Debug|Win32.Build.0 = Debug|Win32
		{FEBB6A2D-A4E8-44C1-AEAC-32823C0594FB}.Release|Win32.ActiveCfg = Release|Win32
		{FEBB6A2D-A4E8-44C1-AEAC-32823C0594FB}.Release|Win32.Build.0 = Release|Win32
		{1A3448E7-5DD9-4D11-BC3E-020817DCFE0B}.Debug|Win32.ActiveCfg = Debug|Win32
		{1A3448E7-5DD9-4D11-BC3E-020817DCFE0B}.Debug|Win32.Build.0 = Debug|Win32
		{1A3448E7-5DD9-4D11-BC3E-020817DCFE0B}.Release|Win32.ActiveCfg = Release|Win32
		{1A3448E7-5DD9-4D11-BC3E-020817DCFE0B}.Release|Win32.Build.0 = Release|Win32
		{6DF909F6-7541-4884-B871-095B88234EB7}.Debug|Win32.ActiveCfg = Debug|Win32
		{6DF909F6-7541-4884-B871-095B88234EB7}.Debug|Win32.Build.0 = Debug|Win32
		{6DF909F6-7541-4884-B871-095B88234EB7}.Release|Win32.ActiveCfg = Release|Win32
		{6DF909F6-7541-4884-B871-095B88234EB7}.Release|Win32.Build.0 = Release|Win32
	EndGlobalSection
	GlobalSection(SolutionProperties) = preSolution
		HideSolutionNode = FALSE
	EndGlobalSection
	GlobalSection(NestedProjects) = preSolution
		{B2D56CCF-751C-4EDC-AE08-26630E185FDB} = {8B1A4F2A-A8C4-4ADD-97BF-177EC1DF3E05}
		{67020157-8C84-43AF-87AF-4AB17AC72D50} = {8B1A4F2A-A8C4-4ADD-97BF-177EC1DF3E05}
		{13BC670A-917B-43BC-9DCB-9839457BC43E} = {8B1A4F2A-A8C4-4ADD-97BF-177EC1DF3E05}
		{0B8E53C0-B423-4468-AB90-DB280FA16031} = {8B1A4F2A-A8C4-4ADD-97BF-177EC1DF3E05}
		{3E619E9F-A879-4776-86C5-092CB88C80BC} = {8B1A4F2A-A8C4-4ADD-97BF-177EC1DF3E05}
		{08095E88-849C-4D4E-8C62-342E916E23EC} = {2C56D04F-5A96-4C6F-9524-955897D16EA9}
		{4A7AECF6-984A-4956-A7D1-41C4FD0B9D0B} = {2C56D04F-5A96-4C6F-9524-955897D16EA9}
		{D654FCC2-0ABA-4E46-8837-DAF95711AA10} = {2C56D04F-5A96-4C6F-9524-955897D16EA9}
		{5808FCC3-F62F-482E-9C1B-AD1B66E564B5} = {B2D56CCF-751C-4EDC-AE08-26630E185FDB}
		{C81EEB96-C805-4B3D-93DA-F8139F8DC04E} = {67020157-8C84-43AF-87AF-4AB17AC72D50}
		{1A3448E7-5DD9-4D11-BC3E-020817DCFE0B} = {67020157-8C84-43AF-87AF-4AB17AC72D50}
		{8154294E-2091-434E-BB43-9C7098642F48} = {13BC670A-917B-43BC-9DCB-9839457BC43E}
		{FEBB6A2D-A4E8-44C1-AEAC-32823C0594FB} = {0B8E53C0-B423-4468-AB90-DB280FA16031}
		{6DF909F6-7541-4884-B871-095B88234EB7} = {3E619E9F-A879-4776-86C5-092CB88C80BC}
	EndGlobalSection
EndGlobal
